
Microsoft Visual Studio Solution File, Format Version 12.00
# Visual Studio Version 17
VisualStudioVersion = 17.6.33829.357
MinimumVisualStudioVersion = 10.0.40219.1
Project("{FAE04EC0-301F-11D3-BF4B-00C04F79EFBC}") = "ejercicio1", "ejercicio1.csproj", "{F25BADE1-998F-49B8-BC91-C3D7BCC1ABAC}"
EndProject
Global
	GlobalSection(SolutionConfigurationPlatforms) = preSolution
		Debug|Any CPU = Debug|Any CPU
		Release|Any CPU = Release|Any CPU
	EndGlobalSection
	GlobalSection(ProjectConfigurationPlatforms) = postSolution
		{F25BADE1-998F-49B8-BC91-C3D7BCC1ABAC}.Debug|Any CPU.ActiveCfg = Debug|Any CPU
		{F25BADE1-998F-49B8-BC91-C3D7BCC1ABAC}.Debug|Any CPU.Build.0 = Debug|Any CPU
		{F25BADE1-998F-49B8-BC91-C3D7BCC1ABAC}.Release|Any CPU.ActiveCfg = Release|Any CPU
		{F25BADE1-998F-49B8-BC91-C3D7BCC1ABAC}.Release|Any CPU.Build.0 = Release|Any CPU
	EndGlobalSection
	GlobalSection(SolutionProperties) = preSolution
		HideSolutionNode = FALSE
	EndGlobalSection
	GlobalSection(ExtensibilityGlobals) = postSolution
		SolutionGuid = {909CD179-6299-4124-B399-90930C5319BA}
	EndGlobalSection
EndGlobal
