
Microsoft Visual Studio Solution File, Format Version 12.00
# Visual Studio Version 17
VisualStudioVersion = 17.6.33829.357
MinimumVisualStudioVersion = 10.0.40219.1
Project("{FAE04EC0-301F-11D3-BF4B-00C04F79EFBC}") = "Ejercicio3", "Ejercicio3\Ejercicio3.csproj", "{88CF5A2E-AFD2-44ED-8B6E-6A91B996E164}"
EndProject
Global
	GlobalSection(SolutionConfigurationPlatforms) = preSolution
		Debug|Any CPU = Debug|Any CPU
		Release|Any CPU = Release|Any CPU
	EndGlobalSection
	GlobalSection(ProjectConfigurationPlatforms) = postSolution
		{88CF5A2E-AFD2-44ED-8B6E-6A91B996E164}.Debug|Any CPU.ActiveCfg = Debug|Any CPU
		{88CF5A2E-AFD2-44ED-8B6E-6A91B996E164}.Debug|Any CPU.Build.0 = Debug|Any CPU
		{88CF5A2E-AFD2-44ED-8B6E-6A91B996E164}.Release|Any CPU.ActiveCfg = Release|Any CPU
		{88CF5A2E-AFD2-44ED-8B6E-6A91B996E164}.Release|Any CPU.Build.0 = Release|Any CPU
	EndGlobalSection
	GlobalSection(SolutionProperties) = preSolution
		HideSolutionNode = FALSE
	EndGlobalSection
	GlobalSection(ExtensibilityGlobals) = postSolution
		SolutionGuid = {3767297C-D2C3-4739-84D1-64FC2CD69534}
	EndGlobalSection
EndGlobal
